
Microsoft Visual Studio Solution File, Format Version 12.00
# Visual Studio Version 17
VisualStudioVersion = 17.0.31903.59
MinimumVisualStudioVersion = 10.0.40219.1
Project("{FAE04EC0-301F-11D3-BF4B-00C04F79EFBC}") = "Task1", "Task1\Task1.csproj", "{162334B9-213F-4209-BE9F-D2812CFAFDAA}"
EndProject
Project("{FAE04EC0-301F-11D3-BF4B-00C04F79EFBC}") = "Task2", "Task2\Task2.csproj", "{0AFE80CF-3045-4F2D-8341-32DD5420DD72}"
EndProject
Project("{FAE04EC0-301F-11D3-BF4B-00C04F79EFBC}") = "Task3", "Task3\Task3.csproj", "{1A5B868B-94C6-40AC-9611-0A594C492D26}"
EndProject
Project("{FAE04EC0-301F-11D3-BF4B-00C04F79EFBC}") = "Task4", "Task4\Task4.csproj", "{8BB7B222-0159-4F57-975A-CBF5171D0473}"
EndProject
Global
	GlobalSection(SolutionConfigurationPlatforms) = preSolution
		Debug|Any CPU = Debug|Any CPU
		Release|Any CPU = Release|Any CPU
	EndGlobalSection
	GlobalSection(SolutionProperties) = preSolution
		HideSolutionNode = FALSE
	EndGlobalSection
	GlobalSection(ProjectConfigurationPlatforms) = postSolution
		{162334B9-213F-4209-BE9F-D2812CFAFDAA}.Debug|Any CPU.ActiveCfg = Debug|Any CPU
		{162334B9-213F-4209-BE9F-D2812CFAFDAA}.Debug|Any CPU.Build.0 = Debug|Any CPU
		{162334B9-213F-4209-BE9F-D2812CFAFDAA}.Release|Any CPU.ActiveCfg = Release|Any CPU
		{162334B9-213F-4209-BE9F-D2812CFAFDAA}.Release|Any CPU.Build.0 = Release|Any CPU
		{0AFE80CF-3045-4F2D-8341-32DD5420DD72}.Debug|Any CPU.ActiveCfg = Debug|Any CPU
		{0AFE80CF-3045-4F2D-8341-32DD5420DD72}.Debug|Any CPU.Build.0 = Debug|Any CPU
		{0AFE80CF-3045-4F2D-8341-32DD5420DD72}.Release|Any CPU.ActiveCfg = Release|Any CPU
		{0AFE80CF-3045-4F2D-8341-32DD5420DD72}.Release|Any CPU.Build.0 = Release|Any CPU
		{1A5B868B-94C6-40AC-9611-0A594C492D26}.Debug|Any CPU.ActiveCfg = Debug|Any CPU
		{1A5B868B-94C6-40AC-9611-0A594C492D26}.Debug|Any CPU.Build.0 = Debug|Any CPU
		{1A5B868B-94C6-40AC-9611-0A594C492D26}.Release|Any CPU.ActiveCfg = Release|Any CPU
		{1A5B868B-94C6-40AC-9611-0A594C492D26}.Release|Any CPU.Build.0 = Release|Any CPU
		{8BB7B222-0159-4F57-975A-CBF5171D0473}.Debug|Any CPU.ActiveCfg = Debug|Any CPU
		{8BB7B222-0159-4F57-975A-CBF5171D0473}.Debug|Any CPU.Build.0 = Debug|Any CPU
		{8BB7B222-0159-4F57-975A-CBF5171D0473}.Release|Any CPU.ActiveCfg = Release|Any CPU
		{8BB7B222-0159-4F57-975A-CBF5171D0473}.Release|Any CPU.Build.0 = Release|Any CPU
	EndGlobalSection
EndGlobal
